// !$*UTF8*$!
{
	archiveVersion = 1;
	classes = {
	};
	objectVersion = 77;
	objects = {

/* Begin PBXContainerItemProxy section */
		E0819CE32CFD073000FAAF61 /* PBXContainerItemProxy */ = {
			isa = PBXContainerItemProxy;
			containerPortal = E0819CCA2CFD072E00FAAF61 /* Project object */;
			proxyType = 1;
			remoteGlobalIDString = E0819CD12CFD072E00FAAF61;
			remoteInfo = RewardsTracker;
		};
		E0819CED2CFD073000FAAF61 /* PBXContainerItemProxy */ = {
			isa = PBXContainerItemProxy;
			containerPortal = E0819CCA2CFD072E00FAAF61 /* Project object */;
			proxyType = 1;
			remoteGlobalIDString = E0819CD12CFD072E00FAAF61;
			remoteInfo = RewardsTracker;
		};
/* End PBXContainerItemProxy section */

/* Begin PBXFileReference section */
		E0819CD22CFD072E00FAAF61 /* RewardsTracker.app */ = {isa = PBXFileReference; explicitFileType = wrapper.application; includeInIndex = 0; path = RewardsTracker.app; sourceTree = BUILT_PRODUCTS_DIR; };
		E0819CE22CFD073000FAAF61 /* RewardsTrackerTests.xctest */ = {isa = PBXFileReference; explicitFileType = wrapper.cfbundle; includeInIndex = 0; path = RewardsTrackerTests.xctest; sourceTree = BUILT_PRODUCTS_DIR; };
		E0819CEC2CFD073000FAAF61 /* RewardsTrackerUITests.xctest */ = {isa = PBXFileReference; explicitFileType = wrapper.cfbundle; includeInIndex = 0; path = RewardsTrackerUITests.xctest; sourceTree = BUILT_PRODUCTS_DIR; };
/* End PBXFileReference section */

/* Begin PBXFileSystemSynchronizedRootGroup section */
		E0819CD42CFD072E00FAAF61 /* RewardsTracker */ = {
			isa = PBXFileSystemSynchronizedRootGroup;
			path = RewardsTracker;
			sourceTree = "<group>";
		};
		E0819CE52CFD073000FAAF61 /* RewardsTrackerTests */ = {
			isa = PBXFileSystemSynchronizedRootGroup;
			path = RewardsTrackerTests;
			sourceTree = "<group>";
		};
		E0819CEF2CFD073000FAAF61 /* RewardsTrackerUITests */ = {
			isa = PBXFileSystemSynchronizedRootGroup;
			path = RewardsTrackerUITests;
			sourceTree = "<group>";
		};
/* End PBXFileSystemSynchronizedRootGroup section */

/* Begin PBXFrameworksBuildPhase section */
		E0819CCF2CFD072E00FAAF61 /* Frameworks */ = {
			isa = PBXFrameworksBuildPhase;
			buildActionMask = 2147483647;
			files = (
			);
			runOnlyForDeploymentPostprocessing = 0;
		};
		E0819CDF2CFD073000FAAF61 /* Frameworks */ = {
			isa = PBXFrameworksBuildPhase;
			buildActionMask = 2147483647;
			files = (
			);
			runOnlyForDeploymentPostprocessing = 0;
		};
		E0819CE92CFD073000FAAF61 /* Frameworks */ = {
			isa = PBXFrameworksBuildPhase;
			buildActionMask = 2147483647;
			files = (
			);
			runOnlyForDeploymentPostprocessing = 0;
		};
/* End PBXFrameworksBuildPhase section */

/* Begin PBXGroup section */
		E0819CC92CFD072E00FAAF61 = {
			isa = PBXGroup;
			children = (
				E0819CD42CFD072E00FAAF61 /* RewardsTracker */,
				E0819CE52CFD073000FAAF61 /* RewardsTrackerTests */,
				E0819CEF2CFD073000FAAF61 /* RewardsTrackerUITests */,
				E0819CD32CFD072E00FAAF61 /* Products */,
			);
			sourceTree = "<group>";
		};
		E0819CD32CFD072E00FAAF61 /* Products */ = {
			isa = PBXGroup;
			children = (
				E0819CD22CFD072E00FAAF61 /* RewardsTracker.app */,
				E0819CE22CFD073000FAAF61 /* RewardsTrackerTests.xctest */,
				E0819CEC2CFD073000FAAF61 /* RewardsTrackerUITests.xctest */,
			);
			name = Products;
			sourceTree = "<group>";
		};
/* End PBXGroup section */

/* Begin PBXNativeTarget section */
		E0819CD12CFD072E00FAAF61 /* RewardsTracker */ = {
			isa = PBXNativeTarget;
			buildConfigurationList = E0819CF62CFD073000FAAF61 /* Build configuration list for PBXNativeTarget "RewardsTracker" */;
			buildPhases = (
				E0819CCE2CFD072E00FAAF61 /* Sources */,
				E0819CCF2CFD072E00FAAF61 /* Frameworks */,
				E0819CD02CFD072E00FAAF61 /* Resources */,
			);
			buildRules = (
			);
			dependencies = (
			);
			fileSystemSynchronizedGroups = (
				E0819CD42CFD072E00FAAF61 /* RewardsTracker */,
			);
			name = RewardsTracker;
			packageProductDependencies = (
			);
			productName = RewardsTracker;
			productReference = E0819CD22CFD072E00FAAF61 /* RewardsTracker.app */;
			productType = "com.apple.product-type.application";
		};
		E0819CE12CFD073000FAAF61 /* RewardsTrackerTests */ = {
			isa = PBXNativeTarget;
			buildConfigurationList = E0819CF92CFD073000FAAF61 /* Build configuration list for PBXNativeTarget "RewardsTrackerTests" */;
			buildPhases = (
				E0819CDE2CFD073000FAAF61 /* Sources */,
				E0819CDF2CFD073000FAAF61 /* Frameworks */,
				E0819CE02CFD073000FAAF61 /* Resources */,
			);
			buildRules = (
			);
			dependencies = (
				E0819CE42CFD073000FAAF61 /* PBXTargetDependency */,
			);
			fileSystemSynchronizedGroups = (
				E0819CE52CFD073000FAAF61 /* RewardsTrackerTests */,
			);
			name = RewardsTrackerTests;
			packageProductDependencies = (
			);
			productName = RewardsTrackerTests;
			productReference = E0819CE22CFD073000FAAF61 /* RewardsTrackerTests.xctest */;
			productType = "com.apple.product-type.bundle.unit-test";
		};
		E0819CEB2CFD073000FAAF61 /* RewardsTrackerUITests */ = {
			isa = PBXNativeTarget;
			buildConfigurationList = E0819CFC2CFD073000FAAF61 /* Build configuration list for PBXNativeTarget "RewardsTrackerUITests" */;
			buildPhases = (
				E0819CE82CFD073000FAAF61 /* Sources */,
				E0819CE92CFD073000FAAF61 /* Frameworks */,
				E0819CEA2CFD073000FAAF61 /* Resources */,
			);
			buildRules = (
			);
			dependencies = (
				E0819CEE2CFD073000FAAF61 /* PBXTargetDependency */,
			);
			fileSystemSynchronizedGroups = (
				E0819CEF2CFD073000FAAF61 /* RewardsTrackerUITests */,
			);
			name = RewardsTrackerUITests;
			packageProductDependencies = (
			);
			productName = RewardsTrackerUITests;
			productReference = E0819CEC2CFD073000FAAF61 /* RewardsTrackerUITests.xctest */;
			productType = "com.apple.product-type.bundle.ui-testing";
		};
/* End PBXNativeTarget section */

/* Begin PBXProject section */
		E0819CCA2CFD072E00FAAF61 /* Project object */ = {
			isa = PBXProject;
			attributes = {
				BuildIndependentTargetsInParallel = 1;
				LastSwiftUpdateCheck = 1610;
				LastUpgradeCheck = 1610;
				TargetAttributes = {
					E0819CD12CFD072E00FAAF61 = {
						CreatedOnToolsVersion = 16.1;
					};
					E0819CE12CFD073000FAAF61 = {
						CreatedOnToolsVersion = 16.1;
						TestTargetID = E0819CD12CFD072E00FAAF61;
					};
					E0819CEB2CFD073000FAAF61 = {
						CreatedOnToolsVersion = 16.1;
						TestTargetID = E0819CD12CFD072E00FAAF61;
					};
				};
			};
			buildConfigurationList = E0819CCD2CFD072E00FAAF61 /* Build configuration list for PBXProject "RewardsTracker" */;
			developmentRegion = en;
			hasScannedForEncodings = 0;
			knownRegions = (
				en,
				Base,
			);
			mainGroup = E0819CC92CFD072E00FAAF61;
			minimizedProjectReferenceProxies = 1;
			preferredProjectObjectVersion = 77;
			productRefGroup = E0819CD32CFD072E00FAAF61 /* Products */;
			projectDirPath = "";
			projectRoot = "";
			targets = (
				E0819CD12CFD072E00FAAF61 /* RewardsTracker */,
				E0819CE12CFD073000FAAF61 /* RewardsTrackerTests */,
				E0819CEB2CFD073000FAAF61 /* RewardsTrackerUITests */,
			);
		};
/* End PBXProject section */

/* Begin PBXResourcesBuildPhase section */
		E0819CD02CFD072E00FAAF61 /* Resources */ = {
			isa = PBXResourcesBuildPhase;
			buildActionMask = 2147483647;
			files = (
			);
			runOnlyForDeploymentPostprocessing = 0;
		};
		E0819CE02CFD073000FAAF61 /* Resources */ = {
			isa = PBXResourcesBuildPhase;
			buildActionMask = 2147483647;
			files = (
			);
			runOnlyForDeploymentPostprocessing = 0;
		};
		E0819CEA2CFD073000FAAF61 /* Resources */ = {
			isa = PBXResourcesBuildPhase;
			buildActionMask = 2147483647;
			files = (
			);
			runOnlyForDeploymentPostprocessing = 0;
		};
/* End PBXResourcesBuildPhase section */

/* Begin PBXSourcesBuildPhase section */
		E0819CCE2CFD072E00FAAF61 /* Sources */ = {
			isa = PBXSourcesBuildPhase;
			buildActionMask = 2147483647;
			files = (
			);
			runOnlyForDeploymentPostprocessing = 0;
		};
		E0819CDE2CFD073000FAAF61 /* Sources */ = {
			isa = PBXSourcesBuildPhase;
			buildActionMask = 2147483647;
			files = (
			);
			runOnlyForDeploymentPostprocessing = 0;
		};
		E0819CE82CFD073000FAAF61 /* Sources */ = {
			isa = PBXSourcesBuildPhase;
			buildActionMask = 2147483647;
			files = (
			);
			runOnlyForDeploymentPostprocessing = 0;
		};
/* End PBXSourcesBuildPhase section */

/* Begin PBXTargetDependency section */
		E0819CE42CFD073000FAAF61 /* PBXTargetDependency */ = {
			isa = PBXTargetDependency;
			target = E0819CD12CFD072E00FAAF61 /* RewardsTracker */;
			targetProxy = E0819CE32CFD073000FAAF61 /* PBXContainerItemProxy */;
		};
		E0819CEE2CFD073000FAAF61 /* PBXTargetDependency */ = {
			isa = PBXTargetDependency;
			target = E0819CD12CFD072E00FAAF61 /* RewardsTracker */;
			targetProxy = E0819CED2CFD073000FAAF61 /* PBXContainerItemProxy */;
		};
/* End PBXTargetDependency section */

/* Begin XCBuildConfiguration section */
		E0819CF42CFD073000FAAF61 /* Debug */ = {
			isa = XCBuildConfiguration;
			buildSettings = {
				ALWAYS_SEARCH_USER_PATHS = NO;
				ASSETCATALOG_COMPILER_GENERATE_SWIFT_ASSET_SYMBOL_EXTENSIONS = YES;
				CLANG_ANALYZER_NONNULL = YES;
				CLANG_ANALYZER_NUMBER_OBJECT_CONVERSION = YES_AGGRESSIVE;
				CLANG_CXX_LANGUAGE_STANDARD = "gnu++20";
				CLANG_ENABLE_MODULES = YES;
				CLANG_ENABLE_OBJC_ARC = YES;
				CLANG_ENABLE_OBJC_WEAK = YES;
				CLANG_WARN_BLOCK_CAPTURE_AUTORELEASING = YES;
				CLANG_WARN_BOOL_CONVERSION = YES;
				CLANG_WARN_COMMA = YES;
				CLANG_WARN_CONSTANT_CONVERSION = YES;
				CLANG_WARN_DEPRECATED_OBJC_IMPLEMENTATIONS = YES;
				CLANG_WARN_DIRECT_OBJC_ISA_USAGE = YES_ERROR;
				CLANG_WARN_DOCUMENTATION_COMMENTS = YES;
				CLANG_WARN_EMPTY_BODY = YES;
				CLANG_WARN_ENUM_CONVERSION = YES;
				CLANG_WARN_INFINITE_RECURSION = YES;
				CLANG_WARN_INT_CONVERSION = YES;
				CLANG_WARN_NON_LITERAL_NULL_CONVERSION = YES;
				CLANG_WARN_OBJC_IMPLICIT_RETAIN_SELF = YES;
				CLANG_WARN_OBJC_LITERAL_CONVERSION = YES;
				CLANG_WARN_OBJC_ROOT_CLASS = YES_ERROR;
				CLANG_WARN_QUOTED_INCLUDE_IN_FRAMEWORK_HEADER = YES;
				CLANG_WARN_RANGE_LOOP_ANALYSIS = YES;
				CLANG_WARN_STRICT_PROTOTYPES = YES;
				CLANG_WARN_SUSPICIOUS_MOVE = YES;
				CLANG_WARN_UNGUARDED_AVAILABILITY = YES_AGGRESSIVE;
				CLANG_WARN_UNREACHABLE_CODE = YES;
				CLANG_WARN__DUPLICATE_METHOD_MATCH = YES;
				COPY_PHASE_STRIP = NO;
				DEBUG_INFORMATION_FORMAT = dwarf;
				ENABLE_STRICT_OBJC_MSGSEND = YES;
				ENABLE_TESTABILITY = YES;
				ENABLE_USER_SCRIPT_SANDBOXING = YES;
				GCC_C_LANGUAGE_STANDARD = gnu17;
				GCC_DYNAMIC_NO_PIC = NO;
				GCC_NO_COMMON_BLOCKS = YES;
				GCC_OPTIMIZATION_LEVEL = 0;
				GCC_PREPROCESSOR_DEFINITIONS = (
					"DEBUG=1",
					"$(inherited)",
				);
				GCC_WARN_64_TO_32_BIT_CONVERSION = YES;
				GCC_WARN_ABOUT_RETURN_TYPE = YES_ERROR;
				GCC_WARN_UNDECLARED_SELECTOR = YES;
				GCC_WARN_UNINITIALIZED_AUTOS = YES_AGGRESSIVE;
				GCC_WARN_UNUSED_FUNCTION = YES;
				GCC_WARN_UNUSED_VARIABLE = YES;
				IPHONEOS_DEPLOYMENT_TARGET = 18.1;
				LOCALIZATION_PREFERS_STRING_CATALOGS = YES;
				MTL_ENABLE_DEBUG_INFO = INCLUDE_SOURCE;
				MTL_FAST_MATH = YES;
				ONLY_ACTIVE_ARCH = YES;
				SDKROOT = iphoneos;
				SWIFT_ACTIVE_COMPILATION_CONDITIONS = "DEBUG $(inherited)";
				SWIFT_OPTIMIZATION_LEVEL = "-Onone";
			};
			name = Debug;
		};
		E0819CF52CFD073000FAAF61 /* Release */ = {
			isa = XCBuildConfiguration;
			buildSettings = {
				ALWAYS_SEARCH_USER_PATHS = NO;
				ASSETCATALOG_COMPILER_GENERATE_SWIFT_ASSET_SYMBOL_EXTENSIONS = YES;
				CLANG_ANALYZER_NONNULL = YES;
				CLANG_ANALYZER_NUMBER_OBJECT_CONVERSION = YES_AGGRESSIVE;
				CLANG_CXX_LANGUAGE_STANDARD = "gnu++20";
				CLANG_ENABLE_MODULES = YES;
				CLANG_ENABLE_OBJC_ARC = YES;
				CLANG_ENABLE_OBJC_WEAK = YES;
				CLANG_WARN_BLOCK_CAPTURE_AUTORELEASING = YES;
				CLANG_WARN_BOOL_CONVERSION = YES;
				CLANG_WARN_COMMA = YES;
				CLANG_WARN_CONSTANT_CONVERSION = YES;
				CLANG_WARN_DEPRECATED_OBJC_IMPLEMENTATIONS = YES;
				CLANG_WARN_DIRECT_OBJC_ISA_USAGE = YES_ERROR;
				CLANG_WARN_DOCUMENTATION_COMMENTS = YES;
				CLANG_WARN_EMPTY_BODY = YES;
				CLANG_WARN_ENUM_CONVERSION = YES;
				CLANG_WARN_INFINITE_RECURSION = YES;
				CLANG_WARN_INT_CONVERSION = YES;
				CLANG_WARN_NON_LITERAL_NULL_CONVERSION = YES;
				CLANG_WARN_OBJC_IMPLICIT_RETAIN_SELF = YES;
				CLANG_WARN_OBJC_LITERAL_CONVERSION = YES;
				CLANG_WARN_OBJC_ROOT_CLASS = YES_ERROR;
				CLANG_WARN_QUOTED_INCLUDE_IN_FRAMEWORK_HEADER = YES;
				CLANG_WARN_RANGE_LOOP_ANALYSIS = YES;
				CLANG_WARN_STRICT_PROTOTYPES = YES;
				CLANG_WARN_SUSPICIOUS_MOVE = YES;
				CLANG_WARN_UNGUARDED_AVAILABILITY = YES_AGGRESSIVE;
				CLANG_WARN_UNREACHABLE_CODE = YES;
				CLANG_WARN__DUPLICATE_METHOD_MATCH = YES;
				COPY_PHASE_STRIP = NO;
				DEBUG_INFORMATION_FORMAT = "dwarf-with-dsym";
				ENABLE_NS_ASSERTIONS = NO;
				ENABLE_STRICT_OBJC_MSGSEND = YES;
				ENABLE_USER_SCRIPT_SANDBOXING = YES;
				GCC_C_LANGUAGE_STANDARD = gnu17;
				GCC_NO_COMMON_BLOCKS = YES;
				GCC_WARN_64_TO_32_BIT_CONVERSION = YES;
				GCC_WARN_ABOUT_RETURN_TYPE = YES_ERROR;
				GCC_WARN_UNDECLARED_SELECTOR = YES;
				GCC_WARN_UNINITIALIZED_AUTOS = YES_AGGRESSIVE;
				GCC_WARN_UNUSED_FUNCTION = YES;
				GCC_WARN_UNUSED_VARIABLE = YES;
				IPHONEOS_DEPLOYMENT_TARGET = 18.1;
				LOCALIZATION_PREFERS_STRING_CATALOGS = YES;
				MTL_ENABLE_DEBUG_INFO = NO;
				MTL_FAST_MATH = YES;
				SDKROOT = iphoneos;
				SWIFT_COMPILATION_MODE = wholemodule;
				VALIDATE_PRODUCT = YES;
			};
			name = Release;
		};
		E0819CF72CFD073000FAAF61 /* Debug */ = {
			isa = XCBuildConfiguration;
			buildSettings = {
				ASSETCATALOG_COMPILER_APPICON_NAME = AppIcon;
				ASSETCATALOG_COMPILER_GLOBAL_ACCENT_COLOR_NAME = AccentColor;
				CODE_SIGN_STYLE = Automatic;
				CURRENT_PROJECT_VERSION = 1;
				DEVELOPMENT_ASSET_PATHS = "\"RewardsTracker/Preview Content\"";
				ENABLE_PREVIEWS = YES;
				GENERATE_INFOPLIST_FILE = YES;
				INFOPLIST_KEY_UIApplicationSceneManifest_Generation = YES;
				INFOPLIST_KEY_UIApplicationSupportsIndirectInputEvents = YES;
				INFOPLIST_KEY_UILaunchScreen_Generation = YES;
				INFOPLIST_KEY_UISupportedInterfaceOrientations_iPad = "UIInterfaceOrientationPortrait UIInterfaceOrientationPortraitUpsideDown UIInterfaceOrientationLandscapeLeft UIInterfaceOrientationLandscapeRight";
				INFOPLIST_KEY_UISupportedInterfaceOrientations_iPhone = "UIInterfaceOrientationPortrait UIInterfaceOrientationLandscapeLeft UIInterfaceOrientationLandscapeRight";
				LD_RUNPATH_SEARCH_PATHS = (
					"$(inherited)",
					"@executable_path/Frameworks",
				);
				MARKETING_VERSION = 1.0;
				PRODUCT_BUNDLE_IDENTIFIER = greekLink.RewardsTracker;
				PRODUCT_NAME = "$(TARGET_NAME)";
				SWIFT_EMIT_LOC_STRINGS = YES;
				SWIFT_VERSION = 5.0;
				TARGETED_DEVICE_FAMILY = "1,2";
			};
			name = Debug;
		};
		E0819CF82CFD073000FAAF61 /* Release */ = {
			isa = XCBuildConfiguration;
			buildSettings = {
				ASSETCATALOG_COMPILER_APPICON_NAME = AppIcon;
				ASSETCATALOG_COMPILER_GLOBAL_ACCENT_COLOR_NAME = AccentColor;
				CODE_SIGN_STYLE = Automatic;
				CURRENT_PROJECT_VERSION = 1;
				DEVELOPMENT_ASSET_PATHS = "\"RewardsTracker/Preview Content\"";
				ENABLE_PREVIEWS = YES;
				GENERATE_INFOPLIST_FILE = YES;
				INFOPLIST_KEY_UIApplicationSceneManifest_Generation = YES;
				INFOPLIST_KEY_UIApplicationSupportsIndirectInputEvents = YES;
				INFOPLIST_KEY_UILaunchScreen_Generation = YES;
				INFOPLIST_KEY_UISupportedInterfaceOrientations_iPad = "UIInterfaceOrientationPortrait UIInterfaceOrientationPortraitUpsideDown UIInterfaceOrientationLandscapeLeft UIInterfaceOrientationLandscapeRight";
				INFOPLIST_KEY_UISupportedInterfaceOrientations_iPhone = "UIInterfaceOrientationPortrait UIInterfaceOrientationLandscapeLeft UIInterfaceOrientationLandscapeRight";
				LD_RUNPATH_SEARCH_PATHS = (
					"$(inherited)",
					"@executable_path/Frameworks",
				);
				MARKETING_VERSION = 1.0;
				PRODUCT_BUNDLE_IDENTIFIER = greekLink.RewardsTracker;
				PRODUCT_NAME = "$(TARGET_NAME)";
				SWIFT_EMIT_LOC_STRINGS = YES;
				SWIFT_VERSION = 5.0;
				TARGETED_DEVICE_FAMILY = "1,2";
			};
			name = Release;
		};
		E0819CFA2CFD073000FAAF61 /* Debug */ = {
			isa = XCBuildConfiguration;
			buildSettings = {
				BUNDLE_LOADER = "$(TEST_HOST)";
				CODE_SIGN_STYLE = Automatic;
				CURRENT_PROJECT_VERSION = 1;
				GENERATE_INFOPLIST_FILE = YES;
				IPHONEOS_DEPLOYMENT_TARGET = 18.1;
				MARKETING_VERSION = 1.0;
				PRODUCT_BUNDLE_IDENTIFIER = greekLink.RewardsTrackerTests;
				PRODUCT_NAME = "$(TARGET_NAME)";
				SWIFT_EMIT_LOC_STRINGS = NO;
				SWIFT_VERSION = 5.0;
				TARGETED_DEVICE_FAMILY = "1,2";
				TEST_HOST = "$(BUILT_PRODUCTS_DIR)/RewardsTracker.app/$(BUNDLE_EXECUTABLE_FOLDER_PATH)/RewardsTracker";
			};
			name = Debug;
		};
		E0819CFB2CFD073000FAAF61 /* Release */ = {
			isa = XCBuildConfiguration;
			buildSettings = {
				BUNDLE_LOADER = "$(TEST_HOST)";
				CODE_SIGN_STYLE = Automatic;
				CURRENT_PROJECT_VERSION = 1;
				GENERATE_INFOPLIST_FILE = YES;
				IPHONEOS_DEPLOYMENT_TARGET = 18.1;
				MARKETING_VERSION = 1.0;
				PRODUCT_BUNDLE_IDENTIFIER = greekLink.RewardsTrackerTests;
				PRODUCT_NAME = "$(TARGET_NAME)";
				SWIFT_EMIT_LOC_STRINGS = NO;
				SWIFT_VERSION = 5.0;
				TARGETED_DEVICE_FAMILY = "1,2";
				TEST_HOST = "$(BUILT_PRODUCTS_DIR)/RewardsTracker.app/$(BUNDLE_EXECUTABLE_FOLDER_PATH)/RewardsTracker";
			};
			name = Release;
		};
		E0819CFD2CFD073000FAAF61 /* Debug */ = {
			isa = XCBuildConfiguration;
			buildSettings = {
				CODE_SIGN_STYLE = Automatic;
				CURRENT_PROJECT_VERSION = 1;
				GENERATE_INFOPLIST_FILE = YES;
				MARKETING_VERSION = 1.0;
				PRODUCT_BUNDLE_IDENTIFIER = greekLink.RewardsTrackerUITests;
				PRODUCT_NAME = "$(TARGET_NAME)";
				SWIFT_EMIT_LOC_STRINGS = NO;
				SWIFT_VERSION = 5.0;
				TARGETED_DEVICE_FAMILY = "1,2";
				TEST_TARGET_NAME = RewardsTracker;
			};
			name = Debug;
		};
		E0819CFE2CFD073000FAAF61 /* Release */ = {
			isa = XCBuildConfiguration;
			buildSettings = {
				CODE_SIGN_STYLE = Automatic;
				CURRENT_PROJECT_VERSION = 1;
				GENERATE_INFOPLIST_FILE = YES;
				MARKETING_VERSION = 1.0;
				PRODUCT_BUNDLE_IDENTIFIER = greekLink.RewardsTrackerUITests;
				PRODUCT_NAME = "$(TARGET_NAME)";
				SWIFT_EMIT_LOC_STRINGS = NO;
				SWIFT_VERSION = 5.0;
				TARGETED_DEVICE_FAMILY = "1,2";
				TEST_TARGET_NAME = RewardsTracker;
			};
			name = Release;
		};
/* End XCBuildConfiguration section */

/* Begin XCConfigurationList section */
		E0819CCD2CFD072E00FAAF61 /* Build configuration list for PBXProject "RewardsTracker" */ = {
			isa = XCConfigurationList;
			buildConfigurations = (
				E0819CF42CFD073000FAAF61 /* Debug */,
				E0819CF52CFD073000FAAF61 /* Release */,
			);
			defaultConfigurationIsVisible = 0;
			defaultConfigurationName = Release;
		};
		E0819CF62CFD073000FAAF61 /* Build configuration list for PBXNativeTarget "RewardsTracker" */ = {
			isa = XCConfigurationList;
			buildConfigurations = (
				E0819CF72CFD073000FAAF61 /* Debug */,
				E0819CF82CFD073000FAAF61 /* Release */,
			);
			defaultConfigurationIsVisible = 0;
			defaultConfigurationName = Release;
		};
		E0819CF92CFD073000FAAF61 /* Build configuration list for PBXNativeTarget "RewardsTrackerTests" */ = {
			isa = XCConfigurationList;
			buildConfigurations = (
				E0819CFA2CFD073000FAAF61 /* Debug */,
				E0819CFB2CFD073000FAAF61 /* Release */,
			);
			defaultConfigurationIsVisible = 0;
			defaultConfigurationName = Release;
		};
		E0819CFC2CFD073000FAAF61 /* Build configuration list for PBXNativeTarget "RewardsTrackerUITests" */ = {
			isa = XCConfigurationList;
			buildConfigurations = (
				E0819CFD2CFD073000FAAF61 /* Debug */,
				E0819CFE2CFD073000FAAF61 /* Release */,
			);
			defaultConfigurationIsVisible = 0;
			defaultConfigurationName = Release;
		};
/* End XCConfigurationList section */
	};
	rootObject = E0819CCA2CFD072E00FAAF61 /* Project object */;
}
